azoo.dev/utils/dvx v0.0.0-20210830122933-a2fbee6dbd6c h1:zaXGgx20i5v+XXtC4qSXtX47o7+X0jHSyk+a8MBTCcM=
azoo.dev/utils/dvx v0.0.0-20210830122933-a2fbee6dbd6c/go.mod h1:JYzhcynlC7YetakYxvbDhXiXCsnngBZQwG1IwXNmkzY=
azoo.dev/utils/dvx/hsm v0.0.0-20210830122933-a2fbee6dbd6c h1:GAN30LXB0Wx4LH4mOUBBD5hUVY6DSjoyejsdbUUnNcM=
azoo.dev/utils/dvx/hsm v0.0.0-20210830122933-a2fbee6dbd6c/go.mod h1:LwNHd+racVaB/jdre2cBeHNyBH3XH/xMMdI+ZSRQ3zs=
azoo.dev/utils/dvx/tearc v0.0.0-20210830122933-a2fbee6dbd6c h1:M3yLyQEeUwAYdr7xFsFUhoTocpOyLbwnG2ysrJuZqUM=
azoo.dev/utils/dvx/tearc v0.0.0-20210830122933-a2fbee6dbd6c/go.mod h1:FFnYZ06UUtYpLn9ykk74gTLotgoJoLGdGr2P1lAsw9w=
azoo.dev/utils/qr v0.0.0-20210830122933-a2fbee6dbd6c h1:34e+hk9JYDs266aWCvkeYZHw/mh3AvZU/kr/uZ/gRjE=
azoo.dev/utils/qr v0.0.0-20210830122933-a2fbee6dbd6c/go.mod h1:Dz9zF7ZsAQB+ZCCrVlKALJT90DII5uAiVla0bzk6dew=
azoo.dev/utils/tearc v0.0.0-20210830120504-67a26b8ff2a3/go.mod h1:yoKpRHJfLHo1mfyRtkg4L+mIY+Z0iQ4PsdtuiM70iG0=
azoo.dev/utils/tearc v0.0.0-20210830122933-a2fbee6dbd6c h1:YI9/7D3ydU7MrqdXKWeE9a8BylfnMtSJItzycbpFlnU=
azoo.dev/utils/tearc v0.0.0-20210830122933-a2fbee6dbd6c/go.mod h1:yoKpRHJfLHo1mfyRtkg4L+mIY+Z0iQ4PsdtuiM70iG0=
github.com/bluele/gcache v0.0.2 h1:WcbfdXICg7G/DGBh1PFfcirkWOQV+v077yF1pSy3DGw=
github.com/bluele/gcache v0.0.2/go.mod h1:m15KV+ECjptwSPxKhOhQoAFQVtUFjTVkc3H8o0t/fp0=
github.com/davecgh/go-spew v1.1.0 h1:ZDRjVQ15GmhC3fiQ8ni8+OwkZQO4DARzQgrnXU1Liz8=
github.com/davecgh/go-spew v1.1.0/go.mod h1:J7Y8YcW2NihsgmVo/mv3lAwl/skON4iLHjSsI+c5H38=
github.com/harwoeck/liblog/contract v1.1.2 h1:b7rO0ibwK+A8L5vc2dHu+ythVehB8e3MtdSksNUZAHc=
github.com/harwoeck/liblog/contract v1.1.2/go.mod h1:qhpwPpWZcS+aP1iOumZsu75SX0wq4yAQZTn6XjwiL/0=
github.com/miekg/pkcs11 v1.0.3 h1:iMwmD7I5225wv84WxIG/bmxz9AXjWvTWIbM/TYHvWtw=
github.com/miekg/pkcs11 v1.0.3/go.mod h1:XsNlhZGX73bx86s2hdc/FuaLm2CPZJemRLMA+WTFxgs=
github.com/pmezard/go-difflib v1.0.0 h1:4DBwDE0NGyQoBHbLQYPwSUPoCMWR5BEzIk/f1lZbAQM=
github.com/pmezard/go-difflib v1.0.0/go.mod h1:iKH77koFhYxTK1pcRnkKkqfTogsbg7gZNVY4sRDYZ/4=
github.com/skip2/go-qrcode v0.0.0-20200617195104-da1b6568686e h1:MRM5ITcdelLK2j1vwZ3Je0FKVCfqOLp5zO6trqMLYs0=
github.com/skip2/go-qrcode v0.0.0-20200617195104-da1b6568686e/go.mod h1:XV66xRDqSt+GTGFMVlhk3ULuV0y9ZmzeVGR4mloJI3M=
github.com/stretchr/objx v0.1.0/go.mod h1:HFkY916IF+rwdDfMAkV7OtwuqBVzrE8GR6GFx+wExME=
github.com/stretchr/testify v1.7.0 h1:nwc3DEeHmmLAfoZucVR881uASk0Mfjw8xYJ99tb5CcY=
github.com/stretchr/testify v1.7.0/go.mod h1:6Fq8oRcR53rry900zMqJjRRixrwX3KX962/h/Wwjteg=
golang.org/x/crypto v0.0.0-20210711020723-a769d52b0f97 h1:/UOmuWzQfxxo9UtlXMwuQU8CMgg1eZXqTRwkSQJWKOI=
golang.org/x/crypto v0.0.0-20210711020723-a769d52b0f97/go.mod h1:GvvjBRRGRdwPK5ydBHafDWAxML/pGHZbMvKqRZ5+Abc=
golang.org/x/net v0.0.0-20210226172049-e18ecbb05110/go.mod h1:m0MpNAwzfU5UDzcl9v0D8zg8gWTRqZa9RBIspLL5mdg=
golang.org/x/sys v0.0.0-20201119102817-f84b799fce68/go.mod h1:h1NjWce9XRLGQEsW7wpKNCjG9DtNlClVuFLEZdDNbEs=
golang.org/x/sys v0.0.0-20210615035016-665e8c7367d1 h1:SrN+KX8Art/Sf4HNj6Zcz06G7VEz+7w9tdXTPOZ7+l4=
golang.org/x/sys v0.0.0-20210615035016-665e8c7367d1/go.mod h1:oPkhp1MJrh7nUepCBck5+mAzfO9JrbApNNgaTdGDITg=
golang.org/x/term v0.0.0-20201126162022-7de9c90e9dd1/go.mod h1:bj7SfCRtBDWHUb9snDiAeCFNEtKQo2Wmx5Cou7ajbmo=
golang.org/x/text v0.3.3/go.mod h1:5Zoc/QRtKVWzQhOtBMvqHzDpF6irO9z98xDceosuGiQ=
golang.org/x/tools v0.0.0-20180917221912-90fa682c2a6e/go.mod h1:n7NCudcB/nEzxVGmLbDWY5pfWTLqBcC2KZ6jyYvM4mQ=
gopkg.in/check.v1 v0.0.0-20161208181325-20d25e280405/go.mod h1:Co6ibVJAznAaIkqp8huTwlJQCZ016jof/cbN4VW5Yz0=
gopkg.in/yaml.v3 v3.0.0-20200313102051-9f266ea9e77c h1:dUUwHk2QECo/6vqA44rthZ8ie2QXMNeKRTHCNY2nXvo=
gopkg.in/yaml.v3 v3.0.0-20200313102051-9f266ea9e77c/go.mod h1:K4uyk7z7BCEPqu6E+C64Yfv1cQ7kz7rIZviUmN+EgEM=
